// !$*UTF8*$!
{
	archiveVersion = 1;
	classes = {
	};
	objectVersion = 50;
	objects = {

/* Begin PBXBuildFile section */
		15AFEBC023E9B27100A5BF1D /* TVCMemoList.swift in Sources */ = {isa = PBXBuildFile; fileRef = 15AFEBBF23E9B27100A5BF1D /* TVCMemoList.swift */; };
		15AFEBC223E9B2DB00A5BF1D /* VCMemoForm.swift in Sources */ = {isa = PBXBuildFile; fileRef = 15AFEBC123E9B2DB00A5BF1D /* VCMemoForm.swift */; };
		15AFEBC423E9B42900A5BF1D /* MemoCell.swift in Sources */ = {isa = PBXBuildFile; fileRef = 15AFEBC323E9B42900A5BF1D /* MemoCell.swift */; };
		15AFEBC623E9B65900A5BF1D /* UVMemoRead.swift in Sources */ = {isa = PBXBuildFile; fileRef = 15AFEBC523E9B65900A5BF1D /* UVMemoRead.swift */; };
		15AFEBC823E9B6C100A5BF1D /* MemoData.swift in Sources */ = {isa = PBXBuildFile; fileRef = 15AFEBC723E9B6C100A5BF1D /* MemoData.swift */; };
		15D2C3F223E85923004C00A9 /* AppDelegate.swift in Sources */ = {isa = PBXBuildFile; fileRef = 15D2C3F123E85923004C00A9 /* AppDelegate.swift */; };
		15D2C3F423E85923004C00A9 /* SceneDelegate.swift in Sources */ = {isa = PBXBuildFile; fileRef = 15D2C3F323E85923004C00A9 /* SceneDelegate.swift */; };
		15D2C3F923E85923004C00A9 /* Main.storyboard in Resources */ = {isa = PBXBuildFile; fileRef = 15D2C3F723E85923004C00A9 /* Main.storyboard */; };
		15D2C3FB23E85924004C00A9 /* Assets.xcassets in Resources */ = {isa = PBXBuildFile; fileRef = 15D2C3FA23E85924004C00A9 /* Assets.xcassets */; };
		15D2C3FE23E85924004C00A9 /* LaunchScreen.storyboard in Resources */ = {isa = PBXBuildFile; fileRef = 15D2C3FC23E85924004C00A9 /* LaunchScreen.storyboard */; };
/* End PBXBuildFile section */

/* Begin PBXFileReference section */
		15AFEBBF23E9B27100A5BF1D /* TVCMemoList.swift */ = {isa = PBXFileReference; lastKnownFileType = sourcecode.swift; path = TVCMemoList.swift; sourceTree = "<group>"; };
		15AFEBC123E9B2DB00A5BF1D /* VCMemoForm.swift */ = {isa = PBXFileReference; lastKnownFileType = sourcecode.swift; path = VCMemoForm.swift; sourceTree = "<group>"; };
		15AFEBC323E9B42900A5BF1D /* MemoCell.swift */ = {isa = PBXFileReference; lastKnownFileType = sourcecode.swift; path = MemoCell.swift; sourceTree = "<group>"; };
		15AFEBC523E9B65900A5BF1D /* UVMemoRead.swift */ = {isa = PBXFileReference; lastKnownFileType = sourcecode.swift; path = UVMemoRead.swift; sourceTree = "<group>"; };
		15AFEBC723E9B6C100A5BF1D /* MemoData.swift */ = {isa = PBXFileReference; lastKnownFileType = sourcecode.swift; path = MemoData.swift; sourceTree = "<group>"; };
		15D2C3EE23E85923004C00A9 /* 나의 메모.app */ = {isa = PBXFileReference; explicitFileType = wrapper.application; includeInIndex = 0; path = "나의 메모.app"; sourceTree = BUILT_PRODUCTS_DIR; };
		15D2C3F123E85923004C00A9 /* AppDelegate.swift */ = {isa = PBXFileReference; lastKnownFileType = sourcecode.swift; path = AppDelegate.swift; sourceTree = "<group>"; };
		15D2C3F323E85923004C00A9 /* SceneDelegate.swift */ = {isa = PBXFileReference; lastKnownFileType = sourcecode.swift; path = SceneDelegate.swift; sourceTree = "<group>"; };
		15D2C3F823E85923004C00A9 /* Base */ = {isa = PBXFileReference; lastKnownFileType = file.storyboard; name = Base; path = Base.lproj/Main.storyboard; sourceTree = "<group>"; };
		15D2C3FA23E85924004C00A9 /* Assets.xcassets */ = {isa = PBXFileReference; lastKnownFileType = folder.assetcatalog; path = Assets.xcassets; sourceTree = "<group>"; };
		15D2C3FD23E85924004C00A9 /* Base */ = {isa = PBXFileReference; lastKnownFileType = file.storyboard; name = Base; path = Base.lproj/LaunchScreen.storyboard; sourceTree = "<group>"; };
		15D2C3FF23E85924004C00A9 /* Info.plist */ = {isa = PBXFileReference; lastKnownFileType = text.plist.xml; path = Info.plist; sourceTree = "<group>"; };
/* End PBXFileReference section */

/* Begin PBXFrameworksBuildPhase section */
		15D2C3EB23E85923004C00A9 /* Frameworks */ = {
			isa = PBXFrameworksBuildPhase;
			buildActionMask = 2147483647;
			files = (
			);
			runOnlyForDeploymentPostprocessing = 0;
		};
/* End PBXFrameworksBuildPhase section */

/* Begin PBXGroup section */
		15D2C3E523E85923004C00A9 = {
			isa = PBXGroup;
			children = (
				15D2C3F023E85923004C00A9 /* MyMemory */,
				15D2C3EF23E85923004C00A9 /* Products */,
			);
			sourceTree = "<group>";
		};
		15D2C3EF23E85923004C00A9 /* Products */ = {
			isa = PBXGroup;
			children = (
				15D2C3EE23E85923004C00A9 /* 나의 메모.app */,
			);
			name = Products;
			sourceTree = "<group>";
		};
		15D2C3F023E85923004C00A9 /* MyMemory */ = {
			isa = PBXGroup;
			children = (
				15D2C3F123E85923004C00A9 /* AppDelegate.swift */,
				15AFEBC723E9B6C100A5BF1D /* MemoData.swift */,
				15AFEBBF23E9B27100A5BF1D /* TVCMemoList.swift */,
				15AFEBC123E9B2DB00A5BF1D /* VCMemoForm.swift */,
				15AFEBC323E9B42900A5BF1D /* MemoCell.swift */,
				15D2C3F323E85923004C00A9 /* SceneDelegate.swift */,
				15D2C3F723E85923004C00A9 /* Main.storyboard */,
				15AFEBC523E9B65900A5BF1D /* UVMemoRead.swift */,
				15D2C3FA23E85924004C00A9 /* Assets.xcassets */,
				15D2C3FC23E85924004C00A9 /* LaunchScreen.storyboard */,
				15D2C3FF23E85924004C00A9 /* Info.plist */,
			);
			path = MyMemory;
			sourceTree = "<group>";
		};
/* End PBXGroup section */

/* Begin PBXNativeTarget section */
		15D2C3ED23E85923004C00A9 /* MyMemory */ = {
			isa = PBXNativeTarget;
			buildConfigurationList = 15D2C40223E85924004C00A9 /* Build configuration list for PBXNativeTarget "MyMemory" */;
			buildPhases = (
				15D2C3EA23E85923004C00A9 /* Sources */,
				15D2C3EB23E85923004C00A9 /* Frameworks */,
				15D2C3EC23E85923004C00A9 /* Resources */,
			);
			buildRules = (
			);
			dependencies = (
			);
			name = MyMemory;
			productName = MyMemory;
			productReference = 15D2C3EE23E85923004C00A9 /* 나의 메모.app */;
			productType = "com.apple.product-type.application";
		};
/* End PBXNativeTarget section */

/* Begin PBXProject section */
		15D2C3E623E85923004C00A9 /* Project object */ = {
			isa = PBXProject;
			attributes = {
				LastSwiftUpdateCheck = 1130;
				LastUpgradeCheck = 1130;
				ORGANIZATIONNAME = Naivewolf;
				TargetAttributes = {
					15D2C3ED23E85923004C00A9 = {
						CreatedOnToolsVersion = 11.3.1;
					};
				};
			};
			buildConfigurationList = 15D2C3E923E85923004C00A9 /* Build configuration list for PBXProject "MyMemory" */;
			compatibilityVersion = "Xcode 9.3";
			developmentRegion = en;
			hasScannedForEncodings = 0;
			knownRegions = (
				en,
				Base,
			);
			mainGroup = 15D2C3E523E85923004C00A9;
			productRefGroup = 15D2C3EF23E85923004C00A9 /* Products */;
			projectDirPath = "";
			projectRoot = "";
			targets = (
				15D2C3ED23E85923004C00A9 /* MyMemory */,
			);
		};
/* End PBXProject section */

/* Begin PBXResourcesBuildPhase section */
		15D2C3EC23E85923004C00A9 /* Resources */ = {
			isa = PBXResourcesBuildPhase;
			buildActionMask = 2147483647;
			files = (
				15D2C3FE23E85924004C00A9 /* LaunchScreen.storyboard in Resources */,
				15D2C3FB23E85924004C00A9 /* Assets.xcassets in Resources */,
				15D2C3F923E85923004C00A9 /* Main.storyboard in Resources */,
			);
			runOnlyForDeploymentPostprocessing = 0;
		};
/* End PBXResourcesBuildPhase section */

/* Begin PBXSourcesBuildPhase section */
		15D2C3EA23E85923004C00A9 /* Sources */ = {
			isa = PBXSourcesBuildPhase;
			buildActionMask = 2147483647;
			files = (
				15D2C3F223E85923004C00A9 /* AppDelegate.swift in Sources */,
				15AFEBC423E9B42900A5BF1D /* MemoCell.swift in Sources */,
				15AFEBC023E9B27100A5BF1D /* TVCMemoList.swift in Sources */,
				15AFEBC823E9B6C100A5BF1D /* MemoData.swift in Sources */,
				15AFEBC223E9B2DB00A5BF1D /* VCMemoForm.swift in Sources */,
				15AFEBC623E9B65900A5BF1D /* UVMemoRead.swift in Sources */,
				15D2C3F423E85923004C00A9 /* SceneDelegate.swift in Sources */,
			);
			runOnlyForDeploymentPostprocessing = 0;
		};
/* End PBXSourcesBuildPhase section */

/* Begin PBXVariantGroup section */
		15D2C3F723E85923004C00A9 /* Main.storyboard */ = {
			isa = PBXVariantGroup;
			children = (
				15D2C3F823E85923004C00A9 /* Base */,
			);
			name = Main.storyboard;
			sourceTree = "<group>";
		};
		15D2C3FC23E85924004C00A9 /* LaunchScreen.storyboard */ = {
			isa = PBXVariantGroup;
			children = (
				15D2C3FD23E85924004C00A9 /* Base */,
			);
			name = LaunchScreen.storyboard;
			sourceTree = "<group>";
		};
/* End PBXVariantGroup section */

/* Begin XCBuildConfiguration section */
		15D2C40023E85924004C00A9 /* Debug */ = {
			isa = XCBuildConfiguration;
			buildSettings = {
				ALWAYS_SEARCH_USER_PATHS = NO;
				CLANG_ANALYZER_NONNULL = YES;
				CLANG_ANALYZER_NUMBER_OBJECT_CONVERSION = YES_AGGRESSIVE;
				CLANG_CXX_LANGUAGE_STANDARD = "gnu++14";
				CLANG_CXX_LIBRARY = "libc++";
				CLANG_ENABLE_MODULES = YES;
				CLANG_ENABLE_OBJC_ARC = YES;
				CLANG_ENABLE_OBJC_WEAK = YES;
				CLANG_WARN_BLOCK_CAPTURE_AUTORELEASING = YES;
				CLANG_WARN_BOOL_CONVERSION = YES;
				CLANG_WARN_COMMA = YES;
				CLANG_WARN_CONSTANT_CONVERSION = YES;
				CLANG_WARN_DEPRECATED_OBJC_IMPLEMENTATIONS = YES;
				CLANG_WARN_DIRECT_OBJC_ISA_USAGE = YES_ERROR;
				CLANG_WARN_DOCUMENTATION_COMMENTS = YES;
				CLANG_WARN_EMPTY_BODY = YES;
				CLANG_WARN_ENUM_CONVERSION = YES;
				CLANG_WARN_INFINITE_RECURSION = YES;
				CLANG_WARN_INT_CONVERSION = YES;
				CLANG_WARN_NON_LITERAL_NULL_CONVERSION = YES;
				CLANG_WARN_OBJC_IMPLICIT_RETAIN_SELF = YES;
				CLANG_WARN_OBJC_LITERAL_CONVERSION = YES;
				CLANG_WARN_OBJC_ROOT_CLASS = YES_ERROR;
				CLANG_WARN_RANGE_LOOP_ANALYSIS = YES;
				CLANG_WARN_STRICT_PROTOTYPES = YES;
				CLANG_WARN_SUSPICIOUS_MOVE = YES;
				CLANG_WARN_UNGUARDED_AVAILABILITY = YES_AGGRESSIVE;
				CLANG_WARN_UNREACHABLE_CODE = YES;
				CLANG_WARN__DUPLICATE_METHOD_MATCH = YES;
				COPY_PHASE_STRIP = NO;
				DEBUG_INFORMATION_FORMAT = dwarf;
				ENABLE_STRICT_OBJC_MSGSEND = YES;
				ENABLE_TESTABILITY = YES;
				GCC_C_LANGUAGE_STANDARD = gnu11;
				GCC_DYNAMIC_NO_PIC = NO;
				GCC_NO_COMMON_BLOCKS = YES;
				GCC_OPTIMIZATION_LEVEL = 0;
				GCC_PREPROCESSOR_DEFINITIONS = (
					"DEBUG=1",
					"$(inherited)",
				);
				GCC_WARN_64_TO_32_BIT_CONVERSION = YES;
				GCC_WARN_ABOUT_RETURN_TYPE = YES_ERROR;
				GCC_WARN_UNDECLARED_SELECTOR = YES;
				GCC_WARN_UNINITIALIZED_AUTOS = YES_AGGRESSIVE;
				GCC_WARN_UNUSED_FUNCTION = YES;
				GCC_WARN_UNUSED_VARIABLE = YES;
				IPHONEOS_DEPLOYMENT_TARGET = 13.2;
				MTL_ENABLE_DEBUG_INFO = INCLUDE_SOURCE;
				MTL_FAST_MATH = YES;
				ONLY_ACTIVE_ARCH = YES;
				SDKROOT = iphoneos;
				SWIFT_ACTIVE_COMPILATION_CONDITIONS = DEBUG;
				SWIFT_OPTIMIZATION_LEVEL = "-Onone";
			};
			name = Debug;
		};
		15D2C40123E85924004C00A9 /* Release */ = {
			isa = XCBuildConfiguration;
			buildSettings = {
				ALWAYS_SEARCH_USER_PATHS = NO;
				CLANG_ANALYZER_NONNULL = YES;
				CLANG_ANALYZER_NUMBER_OBJECT_CONVERSION = YES_AGGRESSIVE;
				CLANG_CXX_LANGUAGE_STANDARD = "gnu++14";
				CLANG_CXX_LIBRARY = "libc++";
				CLANG_ENABLE_MODULES = YES;
				CLANG_ENABLE_OBJC_ARC = YES;
				CLANG_ENABLE_OBJC_WEAK = YES;
				CLANG_WARN_BLOCK_CAPTURE_AUTORELEASING = YES;
				CLANG_WARN_BOOL_CONVERSION = YES;
				CLANG_WARN_COMMA = YES;
				CLANG_WARN_CONSTANT_CONVERSION = YES;
				CLANG_WARN_DEPRECATED_OBJC_IMPLEMENTATIONS = YES;
				CLANG_WARN_DIRECT_OBJC_ISA_USAGE = YES_ERROR;
				CLANG_WARN_DOCUMENTATION_COMMENTS = YES;
				CLANG_WARN_EMPTY_BODY = YES;
				CLANG_WARN_ENUM_CONVERSION = YES;
				CLANG_WARN_INFINITE_RECURSION = YES;
				CLANG_WARN_INT_CONVERSION = YES;
				CLANG_WARN_NON_LITERAL_NULL_CONVERSION = YES;
				CLANG_WARN_OBJC_IMPLICIT_RETAIN_SELF = YES;
				CLANG_WARN_OBJC_LITERAL_CONVERSION = YES;
				CLANG_WARN_OBJC_ROOT_CLASS = YES_ERROR;
				CLANG_WARN_RANGE_LOOP_ANALYSIS = YES;
				CLANG_WARN_STRICT_PROTOTYPES = YES;
				CLANG_WARN_SUSPICIOUS_MOVE = YES;
				CLANG_WARN_UNGUARDED_AVAILABILITY = YES_AGGRESSIVE;
				CLANG_WARN_UNREACHABLE_CODE = YES;
				CLANG_WARN__DUPLICATE_METHOD_MATCH = YES;
				COPY_PHASE_STRIP = NO;
				DEBUG_INFORMATION_FORMAT = "dwarf-with-dsym";
				ENABLE_NS_ASSERTIONS = NO;
				ENABLE_STRICT_OBJC_MSGSEND = YES;
				GCC_C_LANGUAGE_STANDARD = gnu11;
				GCC_NO_COMMON_BLOCKS = YES;
				GCC_WARN_64_TO_32_BIT_CONVERSION = YES;
				GCC_WARN_ABOUT_RETURN_TYPE = YES_ERROR;
				GCC_WARN_UNDECLARED_SELECTOR = YES;
				GCC_WARN_UNINITIALIZED_AUTOS = YES_AGGRESSIVE;
				GCC_WARN_UNUSED_FUNCTION = YES;
				GCC_WARN_UNUSED_VARIABLE = YES;
				IPHONEOS_DEPLOYMENT_TARGET = 13.2;
				MTL_ENABLE_DEBUG_INFO = NO;
				MTL_FAST_MATH = YES;
				SDKROOT = iphoneos;
				SWIFT_COMPILATION_MODE = wholemodule;
				SWIFT_OPTIMIZATION_LEVEL = "-O";
				VALIDATE_PRODUCT = YES;
			};
			name = Release;
		};
		15D2C40323E85924004C00A9 /* Debug */ = {
			isa = XCBuildConfiguration;
			buildSettings = {
				ASSETCATALOG_COMPILER_APPICON_NAME = AppIcon;
				CODE_SIGN_STYLE = Automatic;
				INFOPLIST_FILE = MyMemory/Info.plist;
				LD_RUNPATH_SEARCH_PATHS = (
					"$(inherited)",
					"@executable_path/Frameworks",
				);
				PRODUCT_BUNDLE_IDENTIFIER = com.naivewolf.MyMemory;
				PRODUCT_NAME = "나의 메모";
				SWIFT_VERSION = 5.0;
				TARGETED_DEVICE_FAMILY = "1,2";
			};
			name = Debug;
		};
		15D2C40423E85924004C00A9 /* Release */ = {
			isa = XCBuildConfiguration;
			buildSettings = {
				ASSETCATALOG_COMPILER_APPICON_NAME = AppIcon;
				CODE_SIGN_STYLE = Automatic;
				INFOPLIST_FILE = MyMemory/Info.plist;
				LD_RUNPATH_SEARCH_PATHS = (
					"$(inherited)",
					"@executable_path/Frameworks",
				);
				PRODUCT_BUNDLE_IDENTIFIER = com.naivewolf.MyMemory;
				PRODUCT_NAME = "나의 메모";
				SWIFT_VERSION = 5.0;
				TARGETED_DEVICE_FAMILY = "1,2";
			};
			name = Release;
		};
/* End XCBuildConfiguration section */

/* Begin XCConfigurationList section */
		15D2C3E923E85923004C00A9 /* Build configuration list for PBXProject "MyMemory" */ = {
			isa = XCConfigurationList;
			buildConfigurations = (
				15D2C40023E85924004C00A9 /* Debug */,
				15D2C40123E85924004C00A9 /* Release */,
			);
			defaultConfigurationIsVisible = 0;
			defaultConfigurationName = Release;
		};
		15D2C40223E85924004C00A9 /* Build configuration list for PBXNativeTarget "MyMemory" */ = {
			isa = XCConfigurationList;
			buildConfigurations = (
				15D2C40323E85924004C00A9 /* Debug */,
				15D2C40423E85924004C00A9 /* Release */,
			);
			defaultConfigurationIsVisible = 0;
			defaultConfigurationName = Release;
		};
/* End XCConfigurationList section */
	};
	rootObject = 15D2C3E623E85923004C00A9 /* Project object */;
}
